// !$*UTF8*$!
{
	archiveVersion = 1;
	classes = {
	};
	objectVersion = 50;
	objects = {

/* Begin PBXBuildFile section */
		6FC720C0D5C4C80C006C2F94 /* Pods_MovieDBTests.framework in Frameworks */ = {isa = PBXBuildFile; fileRef = 2DB329E4DC264AA11181883F /* Pods_MovieDBTests.framework */; };
		957E91BF22B8859E0042CC4F /* MainViewModel.swift in Sources */ = {isa = PBXBuildFile; fileRef = 957E91BE22B8859E0042CC4F /* MainViewModel.swift */; };
		957E91C322B886680042CC4F /* MainUseCase.swift in Sources */ = {isa = PBXBuildFile; fileRef = 957E91C222B886680042CC4F /* MainUseCase.swift */; };
		957E91C522B886740042CC4F /* MainNavigator.swift in Sources */ = {isa = PBXBuildFile; fileRef = 957E91C422B886740042CC4F /* MainNavigator.swift */; };
		957E922E22B8B9E30042CC4F /* API+SearchKeyWord.swift in Sources */ = {isa = PBXBuildFile; fileRef = 957E922822B8B9E00042CC4F /* API+SearchKeyWord.swift */; };
		957E922F22B8B9E30042CC4F /* API+Company.swift in Sources */ = {isa = PBXBuildFile; fileRef = 957E922922B8B9E00042CC4F /* API+Company.swift */; };
		957E923022B8B9E30042CC4F /* API+MovieCategory.swift in Sources */ = {isa = PBXBuildFile; fileRef = 957E922A22B8B9E00042CC4F /* API+MovieCategory.swift */; };
		957E923122B8B9E30042CC4F /* API+TrailerLink.swift in Sources */ = {isa = PBXBuildFile; fileRef = 957E922B22B8B9E10042CC4F /* API+TrailerLink.swift */; };
		957E923222B8B9E30042CC4F /* API+Actor.swift in Sources */ = {isa = PBXBuildFile; fileRef = 957E922C22B8B9E20042CC4F /* API+Actor.swift */; };
		957E923322B8B9E30042CC4F /* APIUrls.swift in Sources */ = {isa = PBXBuildFile; fileRef = 957E922D22B8B9E20042CC4F /* APIUrls.swift */; };
		957E923A22B8BA120042CC4F /* CategoryType.swift in Sources */ = {isa = PBXBuildFile; fileRef = 957E923422B8BA0F0042CC4F /* CategoryType.swift */; };
		957E923B22B8BA120042CC4F /* Company.swift in Sources */ = {isa = PBXBuildFile; fileRef = 957E923522B8BA0F0042CC4F /* Company.swift */; };
		957E923C22B8BA120042CC4F /* Actor.swift in Sources */ = {isa = PBXBuildFile; fileRef = 957E923622B8BA100042CC4F /* Actor.swift */; };
		957E923D22B8BA120042CC4F /* Movie.swift in Sources */ = {isa = PBXBuildFile; fileRef = 957E923722B8BA100042CC4F /* Movie.swift */; };
		957E923E22B8BA120042CC4F /* Video.swift in Sources */ = {isa = PBXBuildFile; fileRef = 957E923822B8BA110042CC4F /* Video.swift */; };
		957E923F22B8BA120042CC4F /* KeyWord.swift in Sources */ = {isa = PBXBuildFile; fileRef = 957E923922B8BA110042CC4F /* KeyWord.swift */; };
		957E926122B8BFDB0042CC4F /* ActorTests.swift in Sources */ = {isa = PBXBuildFile; fileRef = 957E924A22B8BFDA0042CC4F /* ActorTests.swift */; };
		957E926222B8BFDB0042CC4F /* CompanyTests.swift in Sources */ = {isa = PBXBuildFile; fileRef = 957E924B22B8BFDA0042CC4F /* CompanyTests.swift */; };
		957E926322B8BFDB0042CC4F /* KeyWordTests.swift in Sources */ = {isa = PBXBuildFile; fileRef = 957E924C22B8BFDA0042CC4F /* KeyWordTests.swift */; };
		957E926422B8BFDB0042CC4F /* MovieTests.swift in Sources */ = {isa = PBXBuildFile; fileRef = 957E924D22B8BFDA0042CC4F /* MovieTests.swift */; };
		957E926522B8BFDB0042CC4F /* VideoTests.swift in Sources */ = {isa = PBXBuildFile; fileRef = 957E924E22B8BFDA0042CC4F /* VideoTests.swift */; };
		957E926622B8BFDB0042CC4F /* ServiceHelper.swift in Sources */ = {isa = PBXBuildFile; fileRef = 957E924F22B8BFDA0042CC4F /* ServiceHelper.swift */; };
		957E926722B8BFDB0042CC4F /* actor.json in Resources */ = {isa = PBXBuildFile; fileRef = 957E925222B8BFDB0042CC4F /* actor.json */; };
		957E926822B8BFDB0042CC4F /* APIActorTests.swift in Sources */ = {isa = PBXBuildFile; fileRef = 957E925322B8BFDB0042CC4F /* APIActorTests.swift */; };
		957E926922B8BFDB0042CC4F /* APICompanyTests.swift in Sources */ = {isa = PBXBuildFile; fileRef = 957E925522B8BFDB0042CC4F /* APICompanyTests.swift */; };
		957E926A22B8BFDB0042CC4F /* company.json in Resources */ = {isa = PBXBuildFile; fileRef = 957E925622B8BFDB0042CC4F /* company.json */; };
		957E926B22B8BFDB0042CC4F /* APIMovieCategoryTests.swift in Sources */ = {isa = PBXBuildFile; fileRef = 957E925822B8BFDB0042CC4F /* APIMovieCategoryTests.swift */; };
		957E926C22B8BFDB0042CC4F /* popular.json in Resources */ = {isa = PBXBuildFile; fileRef = 957E925922B8BFDB0042CC4F /* popular.json */; };
		957E926D22B8BFDB0042CC4F /* upcoming.json in Resources */ = {isa = PBXBuildFile; fileRef = 957E925A22B8BFDB0042CC4F /* upcoming.json */; };
		957E926E22B8BFDB0042CC4F /* APISearchKeyWordTests.swift in Sources */ = {isa = PBXBuildFile; fileRef = 957E925C22B8BFDB0042CC4F /* APISearchKeyWordTests.swift */; };
		957E926F22B8BFDB0042CC4F /* keyword.json in Resources */ = {isa = PBXBuildFile; fileRef = 957E925D22B8BFDB0042CC4F /* keyword.json */; };
		957E927022B8BFDB0042CC4F /* APITrailerLinkTest.swift in Sources */ = {isa = PBXBuildFile; fileRef = 957E925F22B8BFDB0042CC4F /* APITrailerLinkTest.swift */; };
		957E927122B8BFDB0042CC4F /* trailerLink.json in Resources */ = {isa = PBXBuildFile; fileRef = 957E926022B8BFDB0042CC4F /* trailerLink.json */; };
		958A1C4222B7719F003938F1 /* Main.storyboard in Resources */ = {isa = PBXBuildFile; fileRef = 958A1C4022B7719F003938F1 /* Main.storyboard */; };
		958A1C4422B771A4003938F1 /* Assets.xcassets in Resources */ = {isa = PBXBuildFile; fileRef = 958A1C4322B771A4003938F1 /* Assets.xcassets */; };
		958A1CB522B771F3003938F1 /* AppDelegate.swift in Sources */ = {isa = PBXBuildFile; fileRef = 958A1C4F22B771EF003938F1 /* AppDelegate.swift */; };
		958A1CB722B771F3003938F1 /* Keys.swift in Sources */ = {isa = PBXBuildFile; fileRef = 958A1C5222B771EF003938F1 /* Keys.swift */; };
		958A1CB922B771F3003938F1 /* Assembler.swift in Sources */ = {isa = PBXBuildFile; fileRef = 958A1C5522B771EF003938F1 /* Assembler.swift */; };
		958A1CBD22B771F3003938F1 /* RepositoriesAssembler.swift in Sources */ = {isa = PBXBuildFile; fileRef = 958A1C5E22B771F0003938F1 /* RepositoriesAssembler.swift */; };
		958A1CBF22B771F3003938F1 /* APIError.swift in Sources */ = {isa = PBXBuildFile; fileRef = 958A1C6222B771F0003938F1 /* APIError.swift */; };
		958A1CC022B771F3003938F1 /* APIInput.swift in Sources */ = {isa = PBXBuildFile; fileRef = 958A1C6322B771F0003938F1 /* APIInput.swift */; };
		958A1CC122B771F3003938F1 /* APIOutput.swift in Sources */ = {isa = PBXBuildFile; fileRef = 958A1C6422B771F0003938F1 /* APIOutput.swift */; };
		958A1CC222B771F3003938F1 /* APISevice.swift in Sources */ = {isa = PBXBuildFile; fileRef = 958A1C6522B771F0003938F1 /* APISevice.swift */; };
		958A1CCC22B771F3003938F1 /* UITableView+.swift in Sources */ = {isa = PBXBuildFile; fileRef = 958A1C7122B771F1003938F1 /* UITableView+.swift */; };
		958A1CCD22B771F3003938F1 /* UIView+.swift in Sources */ = {isa = PBXBuildFile; fileRef = 958A1C7222B771F1003938F1 /* UIView+.swift */; };
		958A1CCE22B771F3003938F1 /* UIViewController+.swift in Sources */ = {isa = PBXBuildFile; fileRef = 958A1C7322B771F1003938F1 /* UIViewController+.swift */; };
		958A1CCF22B771F3003938F1 /* UIViewController+Rx.swift in Sources */ = {isa = PBXBuildFile; fileRef = 958A1C7422B771F1003938F1 /* UIViewController+Rx.swift */; };
		958A1CD122B771F3003938F1 /* AppAssembler.swift in Sources */ = {isa = PBXBuildFile; fileRef = 958A1C7822B771F1003938F1 /* AppAssembler.swift */; };
		958A1CD222B771F3003938F1 /* AppNavigator.swift in Sources */ = {isa = PBXBuildFile; fileRef = 958A1C7922B771F1003938F1 /* AppNavigator.swift */; };
		958A1CD322B771F3003938F1 /* AppUseCase.swift in Sources */ = {isa = PBXBuildFile; fileRef = 958A1C7A22B771F1003938F1 /* AppUseCase.swift */; };
		958A1CD422B771F3003938F1 /* AppViewModel.swift in Sources */ = {isa = PBXBuildFile; fileRef = 958A1C7B22B771F1003938F1 /* AppViewModel.swift */; };
		958A1CD522B771F3003938F1 /* EmptyDataView.swift in Sources */ = {isa = PBXBuildFile; fileRef = 958A1C7D22B771F1003938F1 /* EmptyDataView.swift */; };
		958A1CD622B771F3003938F1 /* EmptyDataView.xib in Resources */ = {isa = PBXBuildFile; fileRef = 958A1C7E22B771F1003938F1 /* EmptyDataView.xib */; };
		958A1CEF22B771F3003938F1 /* LaunchScreen.storyboard in Resources */ = {isa = PBXBuildFile; fileRef = 958A1CA122B771F2003938F1 /* LaunchScreen.storyboard */; };
		958A1CF122B771F3003938F1 /* Storyboards.swift in Sources */ = {isa = PBXBuildFile; fileRef = 958A1CA522B771F2003938F1 /* Storyboards.swift */; };
		958A1CF722B771F3003938F1 /* UnitTestViewController.swift in Sources */ = {isa = PBXBuildFile; fileRef = 958A1CAC22B771F2003938F1 /* UnitTestViewController.swift */; };
		958A1D1322B77986003938F1 /* Constants.swift in Sources */ = {isa = PBXBuildFile; fileRef = 958A1D1222B77985003938F1 /* Constants.swift */; };
		958A1D2022B78014003938F1 /* MainAssembler.swift in Sources */ = {isa = PBXBuildFile; fileRef = 958A1D1E22B78014003938F1 /* MainAssembler.swift */; };
		958A1D2122B78014003938F1 /* MainViewController.swift in Sources */ = {isa = PBXBuildFile; fileRef = 958A1D1F22B78014003938F1 /* MainViewController.swift */; };
		F50BA128113A10DA931052E1 /* Pods_MovieDB.framework in Frameworks */ = {isa = PBXBuildFile; fileRef = BC5F84240D70C9565BB1842A /* Pods_MovieDB.framework */; };
/* End PBXBuildFile section */

/* Begin PBXContainerItemProxy section */
		958A1D0C22B7758C003938F1 /* PBXContainerItemProxy */ = {
			isa = PBXContainerItemProxy;
			containerPortal = 958A1C3122B7719F003938F1 /* Project object */;
			proxyType = 1;
			remoteGlobalIDString = 958A1C3822B7719F003938F1;
			remoteInfo = MovieDB;
		};
/* End PBXContainerItemProxy section */

/* Begin PBXFileReference section */
		2DB329E4DC264AA11181883F /* Pods_MovieDBTests.framework */ = {isa = PBXFileReference; explicitFileType = wrapper.framework; includeInIndex = 0; path = Pods_MovieDBTests.framework; sourceTree = BUILT_PRODUCTS_DIR; };
		600BF2CA76F7C1F5303E66E8 /* Pods-MovieDBTests.debug.xcconfig */ = {isa = PBXFileReference; includeInIndex = 1; lastKnownFileType = text.xcconfig; name = "Pods-MovieDBTests.debug.xcconfig"; path = "Target Support Files/Pods-MovieDBTests/Pods-MovieDBTests.debug.xcconfig"; sourceTree = "<group>"; };
		957E91BE22B8859E0042CC4F /* MainViewModel.swift */ = {isa = PBXFileReference; lastKnownFileType = sourcecode.swift; path = MainViewModel.swift; sourceTree = "<group>"; };
		957E91C222B886680042CC4F /* MainUseCase.swift */ = {isa = PBXFileReference; lastKnownFileType = sourcecode.swift; path = MainUseCase.swift; sourceTree = "<group>"; };
		957E91C422B886740042CC4F /* MainNavigator.swift */ = {isa = PBXFileReference; lastKnownFileType = sourcecode.swift; path = MainNavigator.swift; sourceTree = "<group>"; };
		957E922822B8B9E00042CC4F /* API+SearchKeyWord.swift */ = {isa = PBXFileReference; fileEncoding = 4; lastKnownFileType = sourcecode.swift; path = "API+SearchKeyWord.swift"; sourceTree = "<group>"; };
		957E922922B8B9E00042CC4F /* API+Company.swift */ = {isa = PBXFileReference; fileEncoding = 4; lastKnownFileType = sourcecode.swift; path = "API+Company.swift"; sourceTree = "<group>"; };
		957E922A22B8B9E00042CC4F /* API+MovieCategory.swift */ = {isa = PBXFileReference; fileEncoding = 4; lastKnownFileType = sourcecode.swift; path = "API+MovieCategory.swift"; sourceTree = "<group>"; };
		957E922B22B8B9E10042CC4F /* API+TrailerLink.swift */ = {isa = PBXFileReference; fileEncoding = 4; lastKnownFileType = sourcecode.swift; path = "API+TrailerLink.swift"; sourceTree = "<group>"; };
		957E922C22B8B9E20042CC4F /* API+Actor.swift */ = {isa = PBXFileReference; fileEncoding = 4; lastKnownFileType = sourcecode.swift; path = "API+Actor.swift"; sourceTree = "<group>"; };
		957E922D22B8B9E20042CC4F /* APIUrls.swift */ = {isa = PBXFileReference; fileEncoding = 4; lastKnownFileType = sourcecode.swift; path = APIUrls.swift; sourceTree = "<group>"; };
		957E923422B8BA0F0042CC4F /* CategoryType.swift */ = {isa = PBXFileReference; fileEncoding = 4; lastKnownFileType = sourcecode.swift; path = CategoryType.swift; sourceTree = "<group>"; };
		957E923522B8BA0F0042CC4F /* Company.swift */ = {isa = PBXFileReference; fileEncoding = 4; lastKnownFileType = sourcecode.swift; path = Company.swift; sourceTree = "<group>"; };
		957E923622B8BA100042CC4F /* Actor.swift */ = {isa = PBXFileReference; fileEncoding = 4; lastKnownFileType = sourcecode.swift; path = Actor.swift; sourceTree = "<group>"; };
		957E923722B8BA100042CC4F /* Movie.swift */ = {isa = PBXFileReference; fileEncoding = 4; lastKnownFileType = sourcecode.swift; path = Movie.swift; sourceTree = "<group>"; };
		957E923822B8BA110042CC4F /* Video.swift */ = {isa = PBXFileReference; fileEncoding = 4; lastKnownFileType = sourcecode.swift; path = Video.swift; sourceTree = "<group>"; };
		957E923922B8BA110042CC4F /* KeyWord.swift */ = {isa = PBXFileReference; fileEncoding = 4; lastKnownFileType = sourcecode.swift; path = KeyWord.swift; sourceTree = "<group>"; };
		957E924A22B8BFDA0042CC4F /* ActorTests.swift */ = {isa = PBXFileReference; fileEncoding = 4; lastKnownFileType = sourcecode.swift; path = ActorTests.swift; sourceTree = "<group>"; };
		957E924B22B8BFDA0042CC4F /* CompanyTests.swift */ = {isa = PBXFileReference; fileEncoding = 4; lastKnownFileType = sourcecode.swift; path = CompanyTests.swift; sourceTree = "<group>"; };
		957E924C22B8BFDA0042CC4F /* KeyWordTests.swift */ = {isa = PBXFileReference; fileEncoding = 4; lastKnownFileType = sourcecode.swift; path = KeyWordTests.swift; sourceTree = "<group>"; };
		957E924D22B8BFDA0042CC4F /* MovieTests.swift */ = {isa = PBXFileReference; fileEncoding = 4; lastKnownFileType = sourcecode.swift; path = MovieTests.swift; sourceTree = "<group>"; };
		957E924E22B8BFDA0042CC4F /* VideoTests.swift */ = {isa = PBXFileReference; fileEncoding = 4; lastKnownFileType = sourcecode.swift; path = VideoTests.swift; sourceTree = "<group>"; };
		957E924F22B8BFDA0042CC4F /* ServiceHelper.swift */ = {isa = PBXFileReference; fileEncoding = 4; lastKnownFileType = sourcecode.swift; path = ServiceHelper.swift; sourceTree = "<group>"; };
		957E925222B8BFDB0042CC4F /* actor.json */ = {isa = PBXFileReference; fileEncoding = 4; lastKnownFileType = text.json; path = actor.json; sourceTree = "<group>"; };
		957E925322B8BFDB0042CC4F /* APIActorTests.swift */ = {isa = PBXFileReference; fileEncoding = 4; lastKnownFileType = sourcecode.swift; path = APIActorTests.swift; sourceTree = "<group>"; };
		957E925522B8BFDB0042CC4F /* APICompanyTests.swift */ = {isa = PBXFileReference; fileEncoding = 4; lastKnownFileType = sourcecode.swift; path = APICompanyTests.swift; sourceTree = "<group>"; };
		957E925622B8BFDB0042CC4F /* company.json */ = {isa = PBXFileReference; fileEncoding = 4; lastKnownFileType = text.json; path = company.json; sourceTree = "<group>"; };
		957E925822B8BFDB0042CC4F /* APIMovieCategoryTests.swift */ = {isa = PBXFileReference; fileEncoding = 4; lastKnownFileType = sourcecode.swift; path = APIMovieCategoryTests.swift; sourceTree = "<group>"; };
		957E925922B8BFDB0042CC4F /* popular.json */ = {isa = PBXFileReference; fileEncoding = 4; lastKnownFileType = text.json; path = popular.json; sourceTree = "<group>"; };
		957E925A22B8BFDB0042CC4F /* upcoming.json */ = {isa = PBXFileReference; fileEncoding = 4; lastKnownFileType = text.json; path = upcoming.json; sourceTree = "<group>"; };
		957E925C22B8BFDB0042CC4F /* APISearchKeyWordTests.swift */ = {isa = PBXFileReference; fileEncoding = 4; lastKnownFileType = sourcecode.swift; path = APISearchKeyWordTests.swift; sourceTree = "<group>"; };
		957E925D22B8BFDB0042CC4F /* keyword.json */ = {isa = PBXFileReference; fileEncoding = 4; lastKnownFileType = text.json; path = keyword.json; sourceTree = "<group>"; };
		957E925F22B8BFDB0042CC4F /* APITrailerLinkTest.swift */ = {isa = PBXFileReference; fileEncoding = 4; lastKnownFileType = sourcecode.swift; path = APITrailerLinkTest.swift; sourceTree = "<group>"; };
		957E926022B8BFDB0042CC4F /* trailerLink.json */ = {isa = PBXFileReference; fileEncoding = 4; lastKnownFileType = text.json; path = trailerLink.json; sourceTree = "<group>"; };
		958A1C3922B7719F003938F1 /* MovieDB.app */ = {isa = PBXFileReference; explicitFileType = wrapper.application; includeInIndex = 0; path = MovieDB.app; sourceTree = BUILT_PRODUCTS_DIR; };
		958A1C4122B7719F003938F1 /* Base */ = {isa = PBXFileReference; lastKnownFileType = file.storyboard; name = Base; path = Base.lproj/Main.storyboard; sourceTree = "<group>"; };
		958A1C4322B771A4003938F1 /* Assets.xcassets */ = {isa = PBXFileReference; lastKnownFileType = folder.assetcatalog; path = Assets.xcassets; sourceTree = "<group>"; };
		958A1C4822B771A4003938F1 /* Info.plist */ = {isa = PBXFileReference; lastKnownFileType = text.plist.xml; path = Info.plist; sourceTree = "<group>"; };
		958A1C4F22B771EF003938F1 /* AppDelegate.swift */ = {isa = PBXFileReference; fileEncoding = 4; lastKnownFileType = sourcecode.swift; path = AppDelegate.swift; sourceTree = "<group>"; };
		958A1C5222B771EF003938F1 /* Keys.swift */ = {isa = PBXFileReference; fileEncoding = 4; lastKnownFileType = sourcecode.swift; path = Keys.swift; sourceTree = "<group>"; };
		958A1C5522B771EF003938F1 /* Assembler.swift */ = {isa = PBXFileReference; fileEncoding = 4; lastKnownFileType = sourcecode.swift; path = Assembler.swift; sourceTree = "<group>"; };
		958A1C5622B771F0003938F1 /* Bridging-Header.h */ = {isa = PBXFileReference; fileEncoding = 4; lastKnownFileType = sourcecode.c.h; path = "Bridging-Header.h"; sourceTree = "<group>"; };
		958A1C5E22B771F0003938F1 /* RepositoriesAssembler.swift */ = {isa = PBXFileReference; fileEncoding = 4; lastKnownFileType = sourcecode.swift; path = RepositoriesAssembler.swift; sourceTree = "<group>"; };
		958A1C6222B771F0003938F1 /* APIError.swift */ = {isa = PBXFileReference; fileEncoding = 4; lastKnownFileType = sourcecode.swift; path = APIError.swift; sourceTree = "<group>"; };
		958A1C6322B771F0003938F1 /* APIInput.swift */ = {isa = PBXFileReference; fileEncoding = 4; lastKnownFileType = sourcecode.swift; path = APIInput.swift; sourceTree = "<group>"; };
		958A1C6422B771F0003938F1 /* APIOutput.swift */ = {isa = PBXFileReference; fileEncoding = 4; lastKnownFileType = sourcecode.swift; path = APIOutput.swift; sourceTree = "<group>"; };
		958A1C6522B771F0003938F1 /* APISevice.swift */ = {isa = PBXFileReference; fileEncoding = 4; lastKnownFileType = sourcecode.swift; path = APISevice.swift; sourceTree = "<group>"; };
		958A1C7122B771F1003938F1 /* UITableView+.swift */ = {isa = PBXFileReference; fileEncoding = 4; lastKnownFileType = sourcecode.swift; path = "UITableView+.swift"; sourceTree = "<group>"; };
		958A1C7222B771F1003938F1 /* UIView+.swift */ = {isa = PBXFileReference; fileEncoding = 4; lastKnownFileType = sourcecode.swift; path = "UIView+.swift"; sourceTree = "<group>"; };
		958A1C7322B771F1003938F1 /* UIViewController+.swift */ = {isa = PBXFileReference; fileEncoding = 4; lastKnownFileType = sourcecode.swift; path = "UIViewController+.swift"; sourceTree = "<group>"; };
		958A1C7422B771F1003938F1 /* UIViewController+Rx.swift */ = {isa = PBXFileReference; fileEncoding = 4; lastKnownFileType = sourcecode.swift; path = "UIViewController+Rx.swift"; sourceTree = "<group>"; };
		958A1C7822B771F1003938F1 /* AppAssembler.swift */ = {isa = PBXFileReference; fileEncoding = 4; lastKnownFileType = sourcecode.swift; path = AppAssembler.swift; sourceTree = "<group>"; };
		958A1C7922B771F1003938F1 /* AppNavigator.swift */ = {isa = PBXFileReference; fileEncoding = 4; lastKnownFileType = sourcecode.swift; path = AppNavigator.swift; sourceTree = "<group>"; };
		958A1C7A22B771F1003938F1 /* AppUseCase.swift */ = {isa = PBXFileReference; fileEncoding = 4; lastKnownFileType = sourcecode.swift; path = AppUseCase.swift; sourceTree = "<group>"; };
		958A1C7B22B771F1003938F1 /* AppViewModel.swift */ = {isa = PBXFileReference; fileEncoding = 4; lastKnownFileType = sourcecode.swift; path = AppViewModel.swift; sourceTree = "<group>"; };
		958A1C7D22B771F1003938F1 /* EmptyDataView.swift */ = {isa = PBXFileReference; fileEncoding = 4; lastKnownFileType = sourcecode.swift; path = EmptyDataView.swift; sourceTree = "<group>"; };
		958A1C7E22B771F1003938F1 /* EmptyDataView.xib */ = {isa = PBXFileReference; fileEncoding = 4; lastKnownFileType = file.xib; path = EmptyDataView.xib; sourceTree = "<group>"; };
		958A1CA222B771F2003938F1 /* Base */ = {isa = PBXFileReference; lastKnownFileType = file.storyboard; name = Base; path = Base.lproj/LaunchScreen.storyboard; sourceTree = "<group>"; };
		958A1CA522B771F2003938F1 /* Storyboards.swift */ = {isa = PBXFileReference; fileEncoding = 4; lastKnownFileType = sourcecode.swift; path = Storyboards.swift; sourceTree = "<group>"; };
		958A1CAC22B771F2003938F1 /* UnitTestViewController.swift */ = {isa = PBXFileReference; fileEncoding = 4; lastKnownFileType = sourcecode.swift; path = UnitTestViewController.swift; sourceTree = "<group>"; };
		958A1D0722B77589003938F1 /* MovieDBTests.xctest */ = {isa = PBXFileReference; explicitFileType = wrapper.cfbundle; includeInIndex = 0; path = MovieDBTests.xctest; sourceTree = BUILT_PRODUCTS_DIR; };
		958A1D0B22B7758C003938F1 /* Info.plist */ = {isa = PBXFileReference; lastKnownFileType = text.plist.xml; path = Info.plist; sourceTree = "<group>"; };
		958A1D1222B77985003938F1 /* Constants.swift */ = {isa = PBXFileReference; fileEncoding = 4; lastKnownFileType = sourcecode.swift; path = Constants.swift; sourceTree = "<group>"; };
		958A1D1E22B78014003938F1 /* MainAssembler.swift */ = {isa = PBXFileReference; fileEncoding = 4; lastKnownFileType = sourcecode.swift; path = MainAssembler.swift; sourceTree = "<group>"; };
		958A1D1F22B78014003938F1 /* MainViewController.swift */ = {isa = PBXFileReference; fileEncoding = 4; lastKnownFileType = sourcecode.swift; path = MainViewController.swift; sourceTree = "<group>"; };
		A3032FDCB070D15EC2FC2405 /* Pods-MovieDB.release.xcconfig */ = {isa = PBXFileReference; includeInIndex = 1; lastKnownFileType = text.xcconfig; name = "Pods-MovieDB.release.xcconfig"; path = "Target Support Files/Pods-MovieDB/Pods-MovieDB.release.xcconfig"; sourceTree = "<group>"; };
		BC5F84240D70C9565BB1842A /* Pods_MovieDB.framework */ = {isa = PBXFileReference; explicitFileType = wrapper.framework; includeInIndex = 0; path = Pods_MovieDB.framework; sourceTree = BUILT_PRODUCTS_DIR; };
		E60FAF84BCB5B45ACAD3A552 /* Pods-MovieDBTests.release.xcconfig */ = {isa = PBXFileReference; includeInIndex = 1; lastKnownFileType = text.xcconfig; name = "Pods-MovieDBTests.release.xcconfig"; path = "Target Support Files/Pods-MovieDBTests/Pods-MovieDBTests.release.xcconfig"; sourceTree = "<group>"; };
		EF171718577E5564390FA1DE /* Pods-MovieDB.debug.xcconfig */ = {isa = PBXFileReference; includeInIndex = 1; lastKnownFileType = text.xcconfig; name = "Pods-MovieDB.debug.xcconfig"; path = "Target Support Files/Pods-MovieDB/Pods-MovieDB.debug.xcconfig"; sourceTree = "<group>"; };
/* End PBXFileReference section */

/* Begin PBXFrameworksBuildPhase section */
		958A1C3622B7719F003938F1 /* Frameworks */ = {
			isa = PBXFrameworksBuildPhase;
			buildActionMask = 2147483647;
			files = (
				F50BA128113A10DA931052E1 /* Pods_MovieDB.framework in Frameworks */,
			);
			runOnlyForDeploymentPostprocessing = 0;
		};
		958A1D0422B77589003938F1 /* Frameworks */ = {
			isa = PBXFrameworksBuildPhase;
			buildActionMask = 2147483647;
			files = (
				6FC720C0D5C4C80C006C2F94 /* Pods_MovieDBTests.framework in Frameworks */,
			);
			runOnlyForDeploymentPostprocessing = 0;
		};
/* End PBXFrameworksBuildPhase section */

/* Begin PBXGroup section */
		56241894DBB983B4AA4F4916 /* Pods */ = {
			isa = PBXGroup;
			children = (
				EF171718577E5564390FA1DE /* Pods-MovieDB.debug.xcconfig */,
				A3032FDCB070D15EC2FC2405 /* Pods-MovieDB.release.xcconfig */,
				600BF2CA76F7C1F5303E66E8 /* Pods-MovieDBTests.debug.xcconfig */,
				E60FAF84BCB5B45ACAD3A552 /* Pods-MovieDBTests.release.xcconfig */,
			);
			path = Pods;
			sourceTree = "<group>";
		};
		957E91C622B88C150042CC4F /* Models */ = {
			isa = PBXGroup;
			children = (
				957E923622B8BA100042CC4F /* Actor.swift */,
				957E923422B8BA0F0042CC4F /* CategoryType.swift */,
				957E923522B8BA0F0042CC4F /* Company.swift */,
				957E923922B8BA110042CC4F /* KeyWord.swift */,
				957E923722B8BA100042CC4F /* Movie.swift */,
				957E923822B8BA110042CC4F /* Video.swift */,
			);
			path = Models;
			sourceTree = "<group>";
		};
		957E924822B8BFDA0042CC4F /* Domain */ = {
			isa = PBXGroup;
			children = (
				957E924922B8BFDA0042CC4F /* Model */,
			);
			path = Domain;
			sourceTree = "<group>";
		};
		957E924922B8BFDA0042CC4F /* Model */ = {
			isa = PBXGroup;
			children = (
				957E924A22B8BFDA0042CC4F /* ActorTests.swift */,
				957E924B22B8BFDA0042CC4F /* CompanyTests.swift */,
				957E924C22B8BFDA0042CC4F /* KeyWordTests.swift */,
				957E924D22B8BFDA0042CC4F /* MovieTests.swift */,
				957E924E22B8BFDA0042CC4F /* VideoTests.swift */,
			);
			path = Model;
			sourceTree = "<group>";
		};
		957E925022B8BFDB0042CC4F /* Service */ = {
			isa = PBXGroup;
			children = (
				957E925122B8BFDB0042CC4F /* API+Actor */,
				957E925422B8BFDB0042CC4F /* API+Comany */,
				957E925722B8BFDB0042CC4F /* API+MovieCategory */,
				957E925B22B8BFDB0042CC4F /* API+SearchKeyWord */,
				957E925E22B8BFDB0042CC4F /* API+TrailerLink */,
			);
			path = Service;
			sourceTree = "<group>";
		};
		957E925122B8BFDB0042CC4F /* API+Actor */ = {
			isa = PBXGroup;
			children = (
				957E925222B8BFDB0042CC4F /* actor.json */,
				957E925322B8BFDB0042CC4F /* APIActorTests.swift */,
			);
			path = "API+Actor";
			sourceTree = "<group>";
		};
		957E925422B8BFDB0042CC4F /* API+Comany */ = {
			isa = PBXGroup;
			children = (
				957E925522B8BFDB0042CC4F /* APICompanyTests.swift */,
				957E925622B8BFDB0042CC4F /* company.json */,
			);
			path = "API+Comany";
			sourceTree = "<group>";
		};
		957E925722B8BFDB0042CC4F /* API+MovieCategory */ = {
			isa = PBXGroup;
			children = (
				957E925822B8BFDB0042CC4F /* APIMovieCategoryTests.swift */,
				957E925922B8BFDB0042CC4F /* popular.json */,
				957E925A22B8BFDB0042CC4F /* upcoming.json */,
			);
			path = "API+MovieCategory";
			sourceTree = "<group>";
		};
		957E925B22B8BFDB0042CC4F /* API+SearchKeyWord */ = {
			isa = PBXGroup;
			children = (
				957E925C22B8BFDB0042CC4F /* APISearchKeyWordTests.swift */,
				957E925D22B8BFDB0042CC4F /* keyword.json */,
			);
			path = "API+SearchKeyWord";
			sourceTree = "<group>";
		};
		957E925E22B8BFDB0042CC4F /* API+TrailerLink */ = {
			isa = PBXGroup;
			children = (
				957E925F22B8BFDB0042CC4F /* APITrailerLinkTest.swift */,
				957E926022B8BFDB0042CC4F /* trailerLink.json */,
			);
			path = "API+TrailerLink";
			sourceTree = "<group>";
		};
		958A1C3022B7719F003938F1 = {
			isa = PBXGroup;
			children = (
				958A1C3B22B7719F003938F1 /* MovieDB */,
				958A1D0822B7758A003938F1 /* MovieDBTests */,
				958A1C3A22B7719F003938F1 /* Products */,
				56241894DBB983B4AA4F4916 /* Pods */,
				A8C0F94E2C255542586282B5 /* Frameworks */,
			);
			sourceTree = "<group>";
		};
		958A1C3A22B7719F003938F1 /* Products */ = {
			isa = PBXGroup;
			children = (
				958A1C3922B7719F003938F1 /* MovieDB.app */,
				958A1D0722B77589003938F1 /* MovieDBTests.xctest */,
			);
			name = Products;
			sourceTree = "<group>";
		};
		958A1C3B22B7719F003938F1 /* MovieDB */ = {
			isa = PBXGroup;
			children = (
				958A1C4F22B771EF003938F1 /* AppDelegate.swift */,
				958A1C5422B771EF003938F1 /* Assembler */,
				958A1C5622B771F0003938F1 /* Bridging-Header.h */,
				958A1CAD22B771F2003938F1 /* Domain */,
				958A1C6E22B771F1003938F1 /* Extensions */,
				958A1C5722B771F0003938F1 /* Platform */,
				958A1C7622B771F1003938F1 /* Scenes */,
				958A1C5022B771EF003938F1 /* Support */,
				958A1CAC22B771F2003938F1 /* UnitTestViewController.swift */,
				958A1C4322B771A4003938F1 /* Assets.xcassets */,
				958A1C4822B771A4003938F1 /* Info.plist */,
			);
			path = MovieDB;
			sourceTree = "<group>";
		};
		958A1C5022B771EF003938F1 /* Support */ = {
			isa = PBXGroup;
			children = (
				958A1D1222B77985003938F1 /* Constants.swift */,
				958A1C5222B771EF003938F1 /* Keys.swift */,
			);
			path = Support;
			sourceTree = "<group>";
		};
		958A1C5422B771EF003938F1 /* Assembler */ = {
			isa = PBXGroup;
			children = (
				958A1C5522B771EF003938F1 /* Assembler.swift */,
			);
			path = Assembler;
			sourceTree = "<group>";
		};
		958A1C5722B771F0003938F1 /* Platform */ = {
			isa = PBXGroup;
			children = (
				958A1C5822B771F0003938F1 /* CoreData */,
				958A1C5B22B771F0003938F1 /* Repositories */,
				958A1C6022B771F0003938F1 /* Services */,
			);
			path = Platform;
			sourceTree = "<group>";
		};
		958A1C5822B771F0003938F1 /* CoreData */ = {
			isa = PBXGroup;
			children = (
			);
			path = CoreData;
			sourceTree = "<group>";
		};
		958A1C5B22B771F0003938F1 /* Repositories */ = {
			isa = PBXGroup;
			children = (
				958A1C5E22B771F0003938F1 /* RepositoriesAssembler.swift */,
			);
			path = Repositories;
			sourceTree = "<group>";
		};
		958A1C6022B771F0003938F1 /* Services */ = {
			isa = PBXGroup;
			children = (
				958A1C6122B771F0003938F1 /* API */,
				958A1C6C22B771F0003938F1 /* Validation */,
			);
			path = Services;
			sourceTree = "<group>";
		};
		958A1C6122B771F0003938F1 /* API */ = {
			isa = PBXGroup;
			children = (
				957E922C22B8B9E20042CC4F /* API+Actor.swift */,
				957E922922B8B9E00042CC4F /* API+Company.swift */,
				957E922A22B8B9E00042CC4F /* API+MovieCategory.swift */,
				957E922822B8B9E00042CC4F /* API+SearchKeyWord.swift */,
				957E922B22B8B9E10042CC4F /* API+TrailerLink.swift */,
				957E922D22B8B9E20042CC4F /* APIUrls.swift */,
				958A1C6222B771F0003938F1 /* APIError.swift */,
				958A1C6322B771F0003938F1 /* APIInput.swift */,
				958A1C6422B771F0003938F1 /* APIOutput.swift */,
				958A1C6522B771F0003938F1 /* APISevice.swift */,
			);
			path = API;
			sourceTree = "<group>";
		};
		958A1C6C22B771F0003938F1 /* Validation */ = {
			isa = PBXGroup;
			children = (
			);
			path = Validation;
			sourceTree = "<group>";
		};
		958A1C6E22B771F1003938F1 /* Extensions */ = {
			isa = PBXGroup;
			children = (
				958A1C7122B771F1003938F1 /* UITableView+.swift */,
				958A1C7222B771F1003938F1 /* UIView+.swift */,
				958A1C7322B771F1003938F1 /* UIViewController+.swift */,
				958A1C7422B771F1003938F1 /* UIViewController+Rx.swift */,
			);
			path = Extensions;
			sourceTree = "<group>";
		};
		958A1C7622B771F1003938F1 /* Scenes */ = {
			isa = PBXGroup;
			children = (
				958A1C7722B771F1003938F1 /* App */,
				958A1C7C22B771F1003938F1 /* Common */,
				958A1D1D22B78014003938F1 /* Main */,
				958A1CA022B771F2003938F1 /* Storyboards */,
			);
			path = Scenes;
			sourceTree = "<group>";
		};
		958A1C7722B771F1003938F1 /* App */ = {
			isa = PBXGroup;
			children = (
				958A1C7822B771F1003938F1 /* AppAssembler.swift */,
				958A1C7922B771F1003938F1 /* AppNavigator.swift */,
				958A1C7A22B771F1003938F1 /* AppUseCase.swift */,
				958A1C7B22B771F1003938F1 /* AppViewModel.swift */,
			);
			path = App;
			sourceTree = "<group>";
		};
		958A1C7C22B771F1003938F1 /* Common */ = {
			isa = PBXGroup;
			children = (
				958A1C7D22B771F1003938F1 /* EmptyDataView.swift */,
				958A1C7E22B771F1003938F1 /* EmptyDataView.xib */,
			);
			path = Common;
			sourceTree = "<group>";
		};
		958A1CA022B771F2003938F1 /* Storyboards */ = {
			isa = PBXGroup;
			children = (
				958A1CA122B771F2003938F1 /* LaunchScreen.storyboard */,
				958A1C4022B7719F003938F1 /* Main.storyboard */,
				958A1CA522B771F2003938F1 /* Storyboards.swift */,
			);
			path = Storyboards;
			sourceTree = "<group>";
		};
		958A1CAD22B771F2003938F1 /* Domain */ = {
			isa = PBXGroup;
			children = (
				957E91C622B88C150042CC4F /* Models */,
			);
			path = Domain;
			sourceTree = "<group>";
		};
		958A1D0822B7758A003938F1 /* MovieDBTests */ = {
			isa = PBXGroup;
			children = (
				957E924822B8BFDA0042CC4F /* Domain */,
				957E925022B8BFDB0042CC4F /* Service */,
				957E924F22B8BFDA0042CC4F /* ServiceHelper.swift */,
				958A1D0B22B7758C003938F1 /* Info.plist */,
			);
			path = MovieDBTests;
			sourceTree = "<group>";
		};
		958A1D1D22B78014003938F1 /* Main */ = {
			isa = PBXGroup;
			children = (
				958A1D1E22B78014003938F1 /* MainAssembler.swift */,
				958A1D1F22B78014003938F1 /* MainViewController.swift */,
				957E91BE22B8859E0042CC4F /* MainViewModel.swift */,
				957E91C222B886680042CC4F /* MainUseCase.swift */,
				957E91C422B886740042CC4F /* MainNavigator.swift */,
			);
			path = Main;
			sourceTree = "<group>";
		};
		A8C0F94E2C255542586282B5 /* Frameworks */ = {
			isa = PBXGroup;
			children = (
				BC5F84240D70C9565BB1842A /* Pods_MovieDB.framework */,
				2DB329E4DC264AA11181883F /* Pods_MovieDBTests.framework */,
			);
			name = Frameworks;
			sourceTree = "<group>";
		};
/* End PBXGroup section */

/* Begin PBXNativeTarget section */
		958A1C3822B7719F003938F1 /* MovieDB */ = {
			isa = PBXNativeTarget;
			buildConfigurationList = 958A1C4B22B771A4003938F1 /* Build configuration list for PBXNativeTarget "MovieDB" */;
			buildPhases = (
				1EC9DDFB4FE4991BC5FD7775 /* [CP] Check Pods Manifest.lock */,
				958A1C3522B7719F003938F1 /* Sources */,
				958A1C3622B7719F003938F1 /* Frameworks */,
				958A1C3722B7719F003938F1 /* Resources */,
				033D4505CA204F614B6F444B /* [CP] Embed Pods Frameworks */,
				958A1D1122B777B2003938F1 /* ShellScript */,
			);
			buildRules = (
			);
			dependencies = (
			);
			name = MovieDB;
			productName = MovieDB;
			productReference = 958A1C3922B7719F003938F1 /* MovieDB.app */;
			productType = "com.apple.product-type.application";
		};
		958A1D0622B77589003938F1 /* MovieDBTests */ = {
			isa = PBXNativeTarget;
			buildConfigurationList = 958A1D1022B7758C003938F1 /* Build configuration list for PBXNativeTarget "MovieDBTests" */;
			buildPhases = (
				FA245FE4EDF42D89EF35585B /* [CP] Check Pods Manifest.lock */,
				958A1D0322B77589003938F1 /* Sources */,
				958A1D0422B77589003938F1 /* Frameworks */,
				958A1D0522B77589003938F1 /* Resources */,
				1AC38C73816BD1B6893D4DB0 /* [CP] Embed Pods Frameworks */,
			);
			buildRules = (
			);
			dependencies = (
				958A1D0D22B7758C003938F1 /* PBXTargetDependency */,
			);
			name = MovieDBTests;
			productName = MovieDBTests;
			productReference = 958A1D0722B77589003938F1 /* MovieDBTests.xctest */;
			productType = "com.apple.product-type.bundle.unit-test";
		};
/* End PBXNativeTarget section */

/* Begin PBXProject section */
		958A1C3122B7719F003938F1 /* Project object */ = {
			isa = PBXProject;
			attributes = {
				LastSwiftUpdateCheck = 0940;
				LastUpgradeCheck = 0940;
				ORGANIZATIONNAME = "Sun*";
				TargetAttributes = {
					958A1C3822B7719F003938F1 = {
						CreatedOnToolsVersion = 9.4.1;
						LastSwiftMigration = 0940;
					};
					958A1D0622B77589003938F1 = {
						CreatedOnToolsVersion = 9.4.1;
						LastSwiftMigration = 0940;
						TestTargetID = 958A1C3822B7719F003938F1;
					};
				};
			};
			buildConfigurationList = 958A1C3422B7719F003938F1 /* Build configuration list for PBXProject "MovieDB" */;
			compatibilityVersion = "Xcode 9.3";
			developmentRegion = en;
			hasScannedForEncodings = 0;
			knownRegions = (
				en,
				Base,
			);
			mainGroup = 958A1C3022B7719F003938F1;
			productRefGroup = 958A1C3A22B7719F003938F1 /* Products */;
			projectDirPath = "";
			projectRoot = "";
			targets = (
				958A1C3822B7719F003938F1 /* MovieDB */,
				958A1D0622B77589003938F1 /* MovieDBTests */,
			);
		};
/* End PBXProject section */

/* Begin PBXResourcesBuildPhase section */
		958A1C3722B7719F003938F1 /* Resources */ = {
			isa = PBXResourcesBuildPhase;
			buildActionMask = 2147483647;
			files = (
				958A1C4422B771A4003938F1 /* Assets.xcassets in Resources */,
				958A1CEF22B771F3003938F1 /* LaunchScreen.storyboard in Resources */,
				958A1CD622B771F3003938F1 /* EmptyDataView.xib in Resources */,
				958A1C4222B7719F003938F1 /* Main.storyboard in Resources */,
			);
			runOnlyForDeploymentPostprocessing = 0;
		};
		958A1D0522B77589003938F1 /* Resources */ = {
			isa = PBXResourcesBuildPhase;
			buildActionMask = 2147483647;
			files = (
				957E926722B8BFDB0042CC4F /* actor.json in Resources */,
				957E927122B8BFDB0042CC4F /* trailerLink.json in Resources */,
				957E926A22B8BFDB0042CC4F /* company.json in Resources */,
				957E926C22B8BFDB0042CC4F /* popular.json in Resources */,
				957E926D22B8BFDB0042CC4F /* upcoming.json in Resources */,
				957E926F22B8BFDB0042CC4F /* keyword.json in Resources */,
			);
			runOnlyForDeploymentPostprocessing = 0;
		};
/* End PBXResourcesBuildPhase section */

/* Begin PBXShellScriptBuildPhase section */
		033D4505CA204F614B6F444B /* [CP] Embed Pods Frameworks */ = {
			isa = PBXShellScriptBuildPhase;
			buildActionMask = 2147483647;
			files = (
			);
			inputPaths = (
				"${PODS_ROOT}/Target Support Files/Pods-MovieDB/Pods-MovieDB-frameworks.sh",
				"${BUILT_PRODUCTS_DIR}/Alamofire/Alamofire.framework",
				"${BUILT_PRODUCTS_DIR}/AlamofireObjectMapper/AlamofireObjectMapper.framework",
				"${BUILT_PRODUCTS_DIR}/Cosmos/Cosmos.framework",
				"${BUILT_PRODUCTS_DIR}/Differentiator/Differentiator.framework",
				"${BUILT_PRODUCTS_DIR}/Kingfisher/Kingfisher.framework",
				"${BUILT_PRODUCTS_DIR}/MGAPIService/MGAPIService.framework",
				"${BUILT_PRODUCTS_DIR}/MGArchitecture/MGArchitecture.framework",
				"${BUILT_PRODUCTS_DIR}/MGLoadMore/MGLoadMore.framework",
				"${BUILT_PRODUCTS_DIR}/MJRefresh/MJRefresh.framework",
				"${BUILT_PRODUCTS_DIR}/NSObject+Rx/NSObject_Rx.framework",
				"${BUILT_PRODUCTS_DIR}/ObjectMapper/ObjectMapper.framework",
				"${BUILT_PRODUCTS_DIR}/OrderedSet/OrderedSet.framework",
				"${BUILT_PRODUCTS_DIR}/Realm/Realm.framework",
				"${BUILT_PRODUCTS_DIR}/RealmSwift/RealmSwift.framework",
				"${BUILT_PRODUCTS_DIR}/Reusable/Reusable.framework",
				"${BUILT_PRODUCTS_DIR}/RxAlamofire/RxAlamofire.framework",
				"${BUILT_PRODUCTS_DIR}/RxCocoa/RxCocoa.framework",
				"${BUILT_PRODUCTS_DIR}/RxDataSources/RxDataSources.framework",
				"${BUILT_PRODUCTS_DIR}/RxRealm/RxRealm.framework",
				"${BUILT_PRODUCTS_DIR}/RxSwift/RxSwift.framework",
				"${BUILT_PRODUCTS_DIR}/SVProgressHUD/SVProgressHUD.framework",
				"${BUILT_PRODUCTS_DIR}/Then/Then.framework",
				"${BUILT_PRODUCTS_DIR}/Validator/Validator.framework",
				"${BUILT_PRODUCTS_DIR}/YoutubeKit/YoutubeKit.framework",
			);
			name = "[CP] Embed Pods Frameworks";
			outputPaths = (
				"${TARGET_BUILD_DIR}/${FRAMEWORKS_FOLDER_PATH}/Alamofire.framework",
				"${TARGET_BUILD_DIR}/${FRAMEWORKS_FOLDER_PATH}/AlamofireObjectMapper.framework",
				"${TARGET_BUILD_DIR}/${FRAMEWORKS_FOLDER_PATH}/Cosmos.framework",
				"${TARGET_BUILD_DIR}/${FRAMEWORKS_FOLDER_PATH}/Differentiator.framework",
				"${TARGET_BUILD_DIR}/${FRAMEWORKS_FOLDER_PATH}/Kingfisher.framework",
				"${TARGET_BUILD_DIR}/${FRAMEWORKS_FOLDER_PATH}/MGAPIService.framework",
				"${TARGET_BUILD_DIR}/${FRAMEWORKS_FOLDER_PATH}/MGArchitecture.framework",
				"${TARGET_BUILD_DIR}/${FRAMEWORKS_FOLDER_PATH}/MGLoadMore.framework",
				"${TARGET_BUILD_DIR}/${FRAMEWORKS_FOLDER_PATH}/MJRefresh.framework",
				"${TARGET_BUILD_DIR}/${FRAMEWORKS_FOLDER_PATH}/NSObject_Rx.framework",
				"${TARGET_BUILD_DIR}/${FRAMEWORKS_FOLDER_PATH}/ObjectMapper.framework",
				"${TARGET_BUILD_DIR}/${FRAMEWORKS_FOLDER_PATH}/OrderedSet.framework",
				"${TARGET_BUILD_DIR}/${FRAMEWORKS_FOLDER_PATH}/Realm.framework",
				"${TARGET_BUILD_DIR}/${FRAMEWORKS_FOLDER_PATH}/RealmSwift.framework",
				"${TARGET_BUILD_DIR}/${FRAMEWORKS_FOLDER_PATH}/Reusable.framework",
				"${TARGET_BUILD_DIR}/${FRAMEWORKS_FOLDER_PATH}/RxAlamofire.framework",
				"${TARGET_BUILD_DIR}/${FRAMEWORKS_FOLDER_PATH}/RxCocoa.framework",
				"${TARGET_BUILD_DIR}/${FRAMEWORKS_FOLDER_PATH}/RxDataSources.framework",
				"${TARGET_BUILD_DIR}/${FRAMEWORKS_FOLDER_PATH}/RxRealm.framework",
				"${TARGET_BUILD_DIR}/${FRAMEWORKS_FOLDER_PATH}/RxSwift.framework",
				"${TARGET_BUILD_DIR}/${FRAMEWORKS_FOLDER_PATH}/SVProgressHUD.framework",
				"${TARGET_BUILD_DIR}/${FRAMEWORKS_FOLDER_PATH}/Then.framework",
				"${TARGET_BUILD_DIR}/${FRAMEWORKS_FOLDER_PATH}/Validator.framework",
				"${TARGET_BUILD_DIR}/${FRAMEWORKS_FOLDER_PATH}/YoutubeKit.framework",
			);
			runOnlyForDeploymentPostprocessing = 0;
			shellPath = /bin/sh;
			shellScript = "\"${PODS_ROOT}/Target Support Files/Pods-MovieDB/Pods-MovieDB-frameworks.sh\"\n";
			showEnvVarsInLog = 0;
		};
		1AC38C73816BD1B6893D4DB0 /* [CP] Embed Pods Frameworks */ = {
			isa = PBXShellScriptBuildPhase;
			buildActionMask = 2147483647;
			files = (
			);
			inputPaths = (
				"${PODS_ROOT}/Target Support Files/Pods-MovieDBTests/Pods-MovieDBTests-frameworks.sh",
				"${BUILT_PRODUCTS_DIR}/RxSwift/RxSwift.framework",
				"${BUILT_PRODUCTS_DIR}/Mockingjay/Mockingjay.framework",
				"${BUILT_PRODUCTS_DIR}/RxBlocking/RxBlocking.framework",
				"${BUILT_PRODUCTS_DIR}/URITemplate/URITemplate.framework",
			);
			name = "[CP] Embed Pods Frameworks";
			outputPaths = (
				"${TARGET_BUILD_DIR}/${FRAMEWORKS_FOLDER_PATH}/RxSwift.framework",
				"${TARGET_BUILD_DIR}/${FRAMEWORKS_FOLDER_PATH}/Mockingjay.framework",
				"${TARGET_BUILD_DIR}/${FRAMEWORKS_FOLDER_PATH}/RxBlocking.framework",
				"${TARGET_BUILD_DIR}/${FRAMEWORKS_FOLDER_PATH}/URITemplate.framework",
			);
			runOnlyForDeploymentPostprocessing = 0;
			shellPath = /bin/sh;
			shellScript = "\"${PODS_ROOT}/Target Support Files/Pods-MovieDBTests/Pods-MovieDBTests-frameworks.sh\"\n";
			showEnvVarsInLog = 0;
		};
		1EC9DDFB4FE4991BC5FD7775 /* [CP] Check Pods Manifest.lock */ = {
			isa = PBXShellScriptBuildPhase;
			buildActionMask = 2147483647;
			files = (
			);
			inputPaths = (
				"${PODS_PODFILE_DIR_PATH}/Podfile.lock",
				"${PODS_ROOT}/Manifest.lock",
			);
			name = "[CP] Check Pods Manifest.lock";
			outputPaths = (
				"$(DERIVED_FILE_DIR)/Pods-MovieDB-checkManifestLockResult.txt",
			);
			runOnlyForDeploymentPostprocessing = 0;
			shellPath = /bin/sh;
			shellScript = "diff \"${PODS_PODFILE_DIR_PATH}/Podfile.lock\" \"${PODS_ROOT}/Manifest.lock\" > /dev/null\nif [ $? != 0 ] ; then\n    # print error to STDERR\n    echo \"error: The sandbox is not in sync with the Podfile.lock. Run 'pod install' or update your CocoaPods installation.\" >&2\n    exit 1\nfi\n# This output is used by Xcode 'outputs' to avoid re-running this script phase.\necho \"SUCCESS\" > \"${SCRIPT_OUTPUT_FILE_0}\"\n";
			showEnvVarsInLog = 0;
		};
		958A1D1122B777B2003938F1 /* ShellScript */ = {
			isa = PBXShellScriptBuildPhase;
			buildActionMask = 2147483647;
			files = (
			);
			inputPaths = (
			);
			outputPaths = (
			);
			runOnlyForDeploymentPostprocessing = 0;
			shellPath = /bin/sh;
			shellScript = "if which swiftlint >/dev/null; then\nswiftlint\nelse\necho \"warning: SwiftLint not installed, download from https://github.com/realm/SwiftLint\"\nfi";
		};
		FA245FE4EDF42D89EF35585B /* [CP] Check Pods Manifest.lock */ = {
			isa = PBXShellScriptBuildPhase;
			buildActionMask = 2147483647;
			files = (
			);
			inputPaths = (
				"${PODS_PODFILE_DIR_PATH}/Podfile.lock",
				"${PODS_ROOT}/Manifest.lock",
			);
			name = "[CP] Check Pods Manifest.lock";
			outputPaths = (
				"$(DERIVED_FILE_DIR)/Pods-MovieDBTests-checkManifestLockResult.txt",
			);
			runOnlyForDeploymentPostprocessing = 0;
			shellPath = /bin/sh;
			shellScript = "diff \"${PODS_PODFILE_DIR_PATH}/Podfile.lock\" \"${PODS_ROOT}/Manifest.lock\" > /dev/null\nif [ $? != 0 ] ; then\n    # print error to STDERR\n    echo \"error: The sandbox is not in sync with the Podfile.lock. Run 'pod install' or update your CocoaPods installation.\" >&2\n    exit 1\nfi\n# This output is used by Xcode 'outputs' to avoid re-running this script phase.\necho \"SUCCESS\" > \"${SCRIPT_OUTPUT_FILE_0}\"\n";
			showEnvVarsInLog = 0;
		};
/* End PBXShellScriptBuildPhase section */

/* Begin PBXSourcesBuildPhase section */
		958A1C3522B7719F003938F1 /* Sources */ = {
			isa = PBXSourcesBuildPhase;
			buildActionMask = 2147483647;
			files = (
				958A1CB522B771F3003938F1 /* AppDelegate.swift in Sources */,
				957E923F22B8BA120042CC4F /* KeyWord.swift in Sources */,
				958A1D2122B78014003938F1 /* MainViewController.swift in Sources */,
				957E91C322B886680042CC4F /* MainUseCase.swift in Sources */,
				958A1D1322B77986003938F1 /* Constants.swift in Sources */,
				958A1D2022B78014003938F1 /* MainAssembler.swift in Sources */,
				958A1CBD22B771F3003938F1 /* RepositoriesAssembler.swift in Sources */,
				958A1CC122B771F3003938F1 /* APIOutput.swift in Sources */,
				958A1CB722B771F3003938F1 /* Keys.swift in Sources */,
				958A1CD522B771F3003938F1 /* EmptyDataView.swift in Sources */,
				957E923B22B8BA120042CC4F /* Company.swift in Sources */,
				958A1CCC22B771F3003938F1 /* UITableView+.swift in Sources */,
				957E923322B8B9E30042CC4F /* APIUrls.swift in Sources */,
				958A1CB922B771F3003938F1 /* Assembler.swift in Sources */,
				958A1CCF22B771F3003938F1 /* UIViewController+Rx.swift in Sources */,
				957E923E22B8BA120042CC4F /* Video.swift in Sources */,
				957E91C522B886740042CC4F /* MainNavigator.swift in Sources */,
				957E922F22B8B9E30042CC4F /* API+Company.swift in Sources */,
				957E922E22B8B9E30042CC4F /* API+SearchKeyWord.swift in Sources */,
				958A1CD322B771F3003938F1 /* AppUseCase.swift in Sources */,
				958A1CF122B771F3003938F1 /* Storyboards.swift in Sources */,
				958A1CD122B771F3003938F1 /* AppAssembler.swift in Sources */,
				957E923122B8B9E30042CC4F /* API+TrailerLink.swift in Sources */,
				957E923D22B8BA120042CC4F /* Movie.swift in Sources */,
				958A1CC022B771F3003938F1 /* APIInput.swift in Sources */,
				958A1CF722B771F3003938F1 /* UnitTestViewController.swift in Sources */,
				958A1CC222B771F3003938F1 /* APISevice.swift in Sources */,
				957E923222B8B9E30042CC4F /* API+Actor.swift in Sources */,
				957E923022B8B9E30042CC4F /* API+MovieCategory.swift in Sources */,
				957E923A22B8BA120042CC4F /* CategoryType.swift in Sources */,
				958A1CD222B771F3003938F1 /* AppNavigator.swift in Sources */,
				958A1CD422B771F3003938F1 /* AppViewModel.swift in Sources */,
				958A1CCE22B771F3003938F1 /* UIViewController+.swift in Sources */,
				958A1CBF22B771F3003938F1 /* APIError.swift in Sources */,
				957E91BF22B8859E0042CC4F /* MainViewModel.swift in Sources */,
				958A1CCD22B771F3003938F1 /* UIView+.swift in Sources */,
				957E923C22B8BA120042CC4F /* Actor.swift in Sources */,
			);
			runOnlyForDeploymentPostprocessing = 0;
		};
		958A1D0322B77589003938F1 /* Sources */ = {
			isa = PBXSourcesBuildPhase;
			buildActionMask = 2147483647;
			files = (
				957E926122B8BFDB0042CC4F /* ActorTests.swift in Sources */,
				957E926822B8BFDB0042CC4F /* APIActorTests.swift in Sources */,
				957E926522B8BFDB0042CC4F /* VideoTests.swift in Sources */,
				957E926222B8BFDB0042CC4F /* CompanyTests.swift in Sources */,
				957E926922B8BFDB0042CC4F /* APICompanyTests.swift in Sources */,
				957E926B22B8BFDB0042CC4F /* APIMovieCategoryTests.swift in Sources */,
				957E926422B8BFDB0042CC4F /* MovieTests.swift in Sources */,
				957E926322B8BFDB0042CC4F /* KeyWordTests.swift in Sources */,
				957E927022B8BFDB0042CC4F /* APITrailerLinkTest.swift in Sources */,
				957E926E22B8BFDB0042CC4F /* APISearchKeyWordTests.swift in Sources */,
				957E926622B8BFDB0042CC4F /* ServiceHelper.swift in Sources */,
			);
			runOnlyForDeploymentPostprocessing = 0;
		};
/* End PBXSourcesBuildPhase section */

/* Begin PBXTargetDependency section */
		958A1D0D22B7758C003938F1 /* PBXTargetDependency */ = {
			isa = PBXTargetDependency;
			target = 958A1C3822B7719F003938F1 /* MovieDB */;
			targetProxy = 958A1D0C22B7758C003938F1 /* PBXContainerItemProxy */;
		};
/* End PBXTargetDependency section */

/* Begin PBXVariantGroup section */
		958A1C4022B7719F003938F1 /* Main.storyboard */ = {
			isa = PBXVariantGroup;
			children = (
				958A1C4122B7719F003938F1 /* Base */,
			);
			name = Main.storyboard;
			sourceTree = "<group>";
		};
		958A1CA122B771F2003938F1 /* LaunchScreen.storyboard */ = {
			isa = PBXVariantGroup;
			children = (
				958A1CA222B771F2003938F1 /* Base */,
			);
			name = LaunchScreen.storyboard;
			sourceTree = "<group>";
		};
/* End PBXVariantGroup section */

/* Begin XCBuildConfiguration section */
		958A1C4922B771A4003938F1 /* Debug */ = {
			isa = XCBuildConfiguration;
			buildSettings = {
				ALWAYS_SEARCH_USER_PATHS = NO;
				CLANG_ANALYZER_NONNULL = YES;
				CLANG_ANALYZER_NUMBER_OBJECT_CONVERSION = YES_AGGRESSIVE;
				CLANG_CXX_LANGUAGE_STANDARD = "gnu++14";
				CLANG_CXX_LIBRARY = "libc++";
				CLANG_ENABLE_MODULES = YES;
				CLANG_ENABLE_OBJC_ARC = YES;
				CLANG_ENABLE_OBJC_WEAK = YES;
				CLANG_WARN_BLOCK_CAPTURE_AUTORELEASING = YES;
				CLANG_WARN_BOOL_CONVERSION = YES;
				CLANG_WARN_COMMA = YES;
				CLANG_WARN_CONSTANT_CONVERSION = YES;
				CLANG_WARN_DEPRECATED_OBJC_IMPLEMENTATIONS = YES;
				CLANG_WARN_DIRECT_OBJC_ISA_USAGE = YES_ERROR;
				CLANG_WARN_DOCUMENTATION_COMMENTS = YES;
				CLANG_WARN_EMPTY_BODY = YES;
				CLANG_WARN_ENUM_CONVERSION = YES;
				CLANG_WARN_INFINITE_RECURSION = YES;
				CLANG_WARN_INT_CONVERSION = YES;
				CLANG_WARN_NON_LITERAL_NULL_CONVERSION = YES;
				CLANG_WARN_OBJC_IMPLICIT_RETAIN_SELF = YES;
				CLANG_WARN_OBJC_LITERAL_CONVERSION = YES;
				CLANG_WARN_OBJC_ROOT_CLASS = YES_ERROR;
				CLANG_WARN_RANGE_LOOP_ANALYSIS = YES;
				CLANG_WARN_STRICT_PROTOTYPES = YES;
				CLANG_WARN_SUSPICIOUS_MOVE = YES;
				CLANG_WARN_UNGUARDED_AVAILABILITY = YES_AGGRESSIVE;
				CLANG_WARN_UNREACHABLE_CODE = YES;
				CLANG_WARN__DUPLICATE_METHOD_MATCH = YES;
				CODE_SIGN_IDENTITY = "iPhone Developer";
				COPY_PHASE_STRIP = NO;
				DEBUG_INFORMATION_FORMAT = dwarf;
				ENABLE_STRICT_OBJC_MSGSEND = YES;
				ENABLE_TESTABILITY = YES;
				GCC_C_LANGUAGE_STANDARD = gnu11;
				GCC_DYNAMIC_NO_PIC = NO;
				GCC_NO_COMMON_BLOCKS = YES;
				GCC_OPTIMIZATION_LEVEL = 0;
				GCC_PREPROCESSOR_DEFINITIONS = (
					"DEBUG=1",
					"$(inherited)",
				);
				GCC_WARN_64_TO_32_BIT_CONVERSION = YES;
				GCC_WARN_ABOUT_RETURN_TYPE = YES_ERROR;
				GCC_WARN_UNDECLARED_SELECTOR = YES;
				GCC_WARN_UNINITIALIZED_AUTOS = YES_AGGRESSIVE;
				GCC_WARN_UNUSED_FUNCTION = YES;
				GCC_WARN_UNUSED_VARIABLE = YES;
				IPHONEOS_DEPLOYMENT_TARGET = 11.4;
				MTL_ENABLE_DEBUG_INFO = YES;
				ONLY_ACTIVE_ARCH = YES;
				SDKROOT = iphoneos;
				SWIFT_ACTIVE_COMPILATION_CONDITIONS = DEBUG;
				SWIFT_OPTIMIZATION_LEVEL = "-Onone";
			};
			name = Debug;
		};
		958A1C4A22B771A4003938F1 /* Release */ = {
			isa = XCBuildConfiguration;
			buildSettings = {
				ALWAYS_SEARCH_USER_PATHS = NO;
				CLANG_ANALYZER_NONNULL = YES;
				CLANG_ANALYZER_NUMBER_OBJECT_CONVERSION = YES_AGGRESSIVE;
				CLANG_CXX_LANGUAGE_STANDARD = "gnu++14";
				CLANG_CXX_LIBRARY = "libc++";
				CLANG_ENABLE_MODULES = YES;
				CLANG_ENABLE_OBJC_ARC = YES;
				CLANG_ENABLE_OBJC_WEAK = YES;
				CLANG_WARN_BLOCK_CAPTURE_AUTORELEASING = YES;
				CLANG_WARN_BOOL_CONVERSION = YES;
				CLANG_WARN_COMMA = YES;
				CLANG_WARN_CONSTANT_CONVERSION = YES;
				CLANG_WARN_DEPRECATED_OBJC_IMPLEMENTATIONS = YES;
				CLANG_WARN_DIRECT_OBJC_ISA_USAGE = YES_ERROR;
				CLANG_WARN_DOCUMENTATION_COMMENTS = YES;
				CLANG_WARN_EMPTY_BODY = YES;
				CLANG_WARN_ENUM_CONVERSION = YES;
				CLANG_WARN_INFINITE_RECURSION = YES;
				CLANG_WARN_INT_CONVERSION = YES;
				CLANG_WARN_NON_LITERAL_NULL_CONVERSION = YES;
				CLANG_WARN_OBJC_IMPLICIT_RETAIN_SELF = YES;
				CLANG_WARN_OBJC_LITERAL_CONVERSION = YES;
				CLANG_WARN_OBJC_ROOT_CLASS = YES_ERROR;
				CLANG_WARN_RANGE_LOOP_ANALYSIS = YES;
				CLANG_WARN_STRICT_PROTOTYPES = YES;
				CLANG_WARN_SUSPICIOUS_MOVE = YES;
				CLANG_WARN_UNGUARDED_AVAILABILITY = YES_AGGRESSIVE;
				CLANG_WARN_UNREACHABLE_CODE = YES;
				CLANG_WARN__DUPLICATE_METHOD_MATCH = YES;
				CODE_SIGN_IDENTITY = "iPhone Developer";
				COPY_PHASE_STRIP = NO;
				DEBUG_INFORMATION_FORMAT = "dwarf-with-dsym";
				ENABLE_NS_ASSERTIONS = NO;
				ENABLE_STRICT_OBJC_MSGSEND = YES;
				GCC_C_LANGUAGE_STANDARD = gnu11;
				GCC_NO_COMMON_BLOCKS = YES;
				GCC_WARN_64_TO_32_BIT_CONVERSION = YES;
				GCC_WARN_ABOUT_RETURN_TYPE = YES_ERROR;
				GCC_WARN_UNDECLARED_SELECTOR = YES;
				GCC_WARN_UNINITIALIZED_AUTOS = YES_AGGRESSIVE;
				GCC_WARN_UNUSED_FUNCTION = YES;
				GCC_WARN_UNUSED_VARIABLE = YES;
				IPHONEOS_DEPLOYMENT_TARGET = 11.4;
				MTL_ENABLE_DEBUG_INFO = NO;
				SDKROOT = iphoneos;
				SWIFT_COMPILATION_MODE = wholemodule;
				SWIFT_OPTIMIZATION_LEVEL = "-O";
				VALIDATE_PRODUCT = YES;
			};
			name = Release;
		};
		958A1C4C22B771A4003938F1 /* Debug */ = {
			isa = XCBuildConfiguration;
			baseConfigurationReference = EF171718577E5564390FA1DE /* Pods-MovieDB.debug.xcconfig */;
			buildSettings = {
				ASSETCATALOG_COMPILER_APPICON_NAME = AppIcon;
				CLANG_ENABLE_MODULES = YES;
				CODE_SIGN_STYLE = Automatic;
				DEVELOPMENT_TEAM = 96F2ZQ3PBH;
				INFOPLIST_FILE = MovieDB/Info.plist;
				LD_RUNPATH_SEARCH_PATHS = (
					"$(inherited)",
					"@executable_path/Frameworks",
				);
				PRODUCT_BUNDLE_IDENTIFIER = cuonghx.MovieDB;
				PRODUCT_NAME = "$(TARGET_NAME)";
				SWIFT_OBJC_BRIDGING_HEADER = "MovieDB/Bridging-Header.h";
				SWIFT_OPTIMIZATION_LEVEL = "-Onone";
				SWIFT_VERSION = 4.0;
				TARGETED_DEVICE_FAMILY = "1,2";
			};
			name = Debug;
		};
		958A1C4D22B771A4003938F1 /* Release */ = {
			isa = XCBuildConfiguration;
			baseConfigurationReference = A3032FDCB070D15EC2FC2405 /* Pods-MovieDB.release.xcconfig */;
			buildSettings = {
				ASSETCATALOG_COMPILER_APPICON_NAME = AppIcon;
				CLANG_ENABLE_MODULES = YES;
				CODE_SIGN_STYLE = Automatic;
				DEVELOPMENT_TEAM = 96F2ZQ3PBH;
				INFOPLIST_FILE = MovieDB/Info.plist;
				LD_RUNPATH_SEARCH_PATHS = (
					"$(inherited)",
					"@executable_path/Frameworks",
				);
				PRODUCT_BUNDLE_IDENTIFIER = cuonghx.MovieDB;
				PRODUCT_NAME = "$(TARGET_NAME)";
				SWIFT_OBJC_BRIDGING_HEADER = "MovieDB/Bridging-Header.h";
				SWIFT_VERSION = 4.0;
				TARGETED_DEVICE_FAMILY = "1,2";
			};
			name = Release;
		};
		958A1D0E22B7758C003938F1 /* Debug */ = {
			isa = XCBuildConfiguration;
			baseConfigurationReference = 600BF2CA76F7C1F5303E66E8 /* Pods-MovieDBTests.debug.xcconfig */;
			buildSettings = {
				BUNDLE_LOADER = "$(TEST_HOST)";
				CLANG_ENABLE_MODULES = YES;
				CODE_SIGN_STYLE = Automatic;
				DEVELOPMENT_TEAM = 96F2ZQ3PBH;
				INFOPLIST_FILE = MovieDBTests/Info.plist;
				LD_RUNPATH_SEARCH_PATHS = (
					"$(inherited)",
					"@executable_path/Frameworks",
					"@loader_path/Frameworks",
				);
				PRODUCT_BUNDLE_IDENTIFIER = cuonghx.MovieDBTests;
				PRODUCT_NAME = "$(TARGET_NAME)";
				SWIFT_OPTIMIZATION_LEVEL = "-Onone";
				SWIFT_VERSION = 4.0;
				TARGETED_DEVICE_FAMILY = "1,2";
				TEST_HOST = "$(BUILT_PRODUCTS_DIR)/MovieDB.app/MovieDB";
			};
			name = Debug;
		};
		958A1D0F22B7758C003938F1 /* Release */ = {
			isa = XCBuildConfiguration;
			baseConfigurationReference = E60FAF84BCB5B45ACAD3A552 /* Pods-MovieDBTests.release.xcconfig */;
			buildSettings = {
				BUNDLE_LOADER = "$(TEST_HOST)";
				CLANG_ENABLE_MODULES = YES;
				CODE_SIGN_STYLE = Automatic;
				DEVELOPMENT_TEAM = 96F2ZQ3PBH;
				INFOPLIST_FILE = MovieDBTests/Info.plist;
				LD_RUNPATH_SEARCH_PATHS = (
					"$(inherited)",
					"@executable_path/Frameworks",
					"@loader_path/Frameworks",
				);
				PRODUCT_BUNDLE_IDENTIFIER = cuonghx.MovieDBTests;
				PRODUCT_NAME = "$(TARGET_NAME)";
				SWIFT_VERSION = 4.0;
				TARGETED_DEVICE_FAMILY = "1,2";
				TEST_HOST = "$(BUILT_PRODUCTS_DIR)/MovieDB.app/MovieDB";
			};
			name = Release;
		};
/* End XCBuildConfiguration section */

/* Begin XCConfigurationList section */
		958A1C3422B7719F003938F1 /* Build configuration list for PBXProject "MovieDB" */ = {
			isa = XCConfigurationList;
			buildConfigurations = (
				958A1C4922B771A4003938F1 /* Debug */,
				958A1C4A22B771A4003938F1 /* Release */,
			);
			defaultConfigurationIsVisible = 0;
			defaultConfigurationName = Release;
		};
		958A1C4B22B771A4003938F1 /* Build configuration list for PBXNativeTarget "MovieDB" */ = {
			isa = XCConfigurationList;
			buildConfigurations = (
				958A1C4C22B771A4003938F1 /* Debug */,
				958A1C4D22B771A4003938F1 /* Release */,
			);
			defaultConfigurationIsVisible = 0;
			defaultConfigurationName = Release;
		};
		958A1D1022B7758C003938F1 /* Build configuration list for PBXNativeTarget "MovieDBTests" */ = {
			isa = XCConfigurationList;
			buildConfigurations = (
				958A1D0E22B7758C003938F1 /* Debug */,
				958A1D0F22B7758C003938F1 /* Release */,
			);
			defaultConfigurationIsVisible = 0;
			defaultConfigurationName = Release;
		};
/* End XCConfigurationList section */
	};
	rootObject = 958A1C3122B7719F003938F1 /* Project object */;
}
